// !$*UTF8*$!
{
	archiveVersion = 1;
	classes = {
	};
	objectVersion = 51;
	objects = {

/* Begin PBXBuildFile section */
		99435A6D25E98A2C00085E1B /* AppDelegate.swift in Sources */ = {isa = PBXBuildFile; fileRef = 99435A6C25E98A2C00085E1B /* AppDelegate.swift */; };
		99435A6F25E98A2C00085E1B /* SceneDelegate.swift in Sources */ = {isa = PBXBuildFile; fileRef = 99435A6E25E98A2C00085E1B /* SceneDelegate.swift */; };
		99435A7425E98A2C00085E1B /* Main.storyboard in Resources */ = {isa = PBXBuildFile; fileRef = 99435A7225E98A2C00085E1B /* Main.storyboard */; };
		99435A7625E98A2F00085E1B /* Assets.xcassets in Resources */ = {isa = PBXBuildFile; fileRef = 99435A7525E98A2F00085E1B /* Assets.xcassets */; };
		99435A7925E98A2F00085E1B /* LaunchScreen.storyboard in Resources */ = {isa = PBXBuildFile; fileRef = 99435A7725E98A2F00085E1B /* LaunchScreen.storyboard */; };
		99435A8825E9906A00085E1B /* instagram_assets in Resources */ = {isa = PBXBuildFile; fileRef = 99435A8725E9906900085E1B /* instagram_assets */; };
		9949735425ED6FC500DE4ACD /* LoginViewController.swift in Sources */ = {isa = PBXBuildFile; fileRef = 9949735325ED6FC500DE4ACD /* LoginViewController.swift */; };
		9949735725ED6FD500DE4ACD /* HomeViewController.swift in Sources */ = {isa = PBXBuildFile; fileRef = 9949735625ED6FD500DE4ACD /* HomeViewController.swift */; };
		9949735E25ED7C1F00DE4ACD /* CameraViewController.swift in Sources */ = {isa = PBXBuildFile; fileRef = 9949735D25ED7C1F00DE4ACD /* CameraViewController.swift */; };
		D13F4B9344FC5D96B90B4EC4 /* Pods_Parstagram.framework in Frameworks */ = {isa = PBXBuildFile; fileRef = 3963D569B77EDC204C4A4174 /* Pods_Parstagram.framework */; };
/* End PBXBuildFile section */

/* Begin PBXFileReference section */
		1842564109D296C03CEA8572 /* Pods-Parstagram.release.xcconfig */ = {isa = PBXFileReference; includeInIndex = 1; lastKnownFileType = text.xcconfig; name = "Pods-Parstagram.release.xcconfig"; path = "Target Support Files/Pods-Parstagram/Pods-Parstagram.release.xcconfig"; sourceTree = "<group>"; };
		3963D569B77EDC204C4A4174 /* Pods_Parstagram.framework */ = {isa = PBXFileReference; explicitFileType = wrapper.framework; includeInIndex = 0; path = Pods_Parstagram.framework; sourceTree = BUILT_PRODUCTS_DIR; };
		99435A6925E98A2C00085E1B /* Parstagram.app */ = {isa = PBXFileReference; explicitFileType = wrapper.application; includeInIndex = 0; path = Parstagram.app; sourceTree = BUILT_PRODUCTS_DIR; };
		99435A6C25E98A2C00085E1B /* AppDelegate.swift */ = {isa = PBXFileReference; lastKnownFileType = sourcecode.swift; path = AppDelegate.swift; sourceTree = "<group>"; };
		99435A6E25E98A2C00085E1B /* SceneDelegate.swift */ = {isa = PBXFileReference; lastKnownFileType = sourcecode.swift; path = SceneDelegate.swift; sourceTree = "<group>"; };
		99435A7325E98A2C00085E1B /* Base */ = {isa = PBXFileReference; lastKnownFileType = file.storyboard; name = Base; path = Base.lproj/Main.storyboard; sourceTree = "<group>"; };
		99435A7525E98A2F00085E1B /* Assets.xcassets */ = {isa = PBXFileReference; lastKnownFileType = folder.assetcatalog; path = Assets.xcassets; sourceTree = "<group>"; };
		99435A7825E98A2F00085E1B /* Base */ = {isa = PBXFileReference; lastKnownFileType = file.storyboard; name = Base; path = Base.lproj/LaunchScreen.storyboard; sourceTree = "<group>"; };
		99435A7A25E98A2F00085E1B /* Info.plist */ = {isa = PBXFileReference; lastKnownFileType = text.plist.xml; path = Info.plist; sourceTree = "<group>"; };
		99435A8725E9906900085E1B /* instagram_assets */ = {isa = PBXFileReference; lastKnownFileType = folder; path = instagram_assets; sourceTree = "<group>"; };
		9949735325ED6FC500DE4ACD /* LoginViewController.swift */ = {isa = PBXFileReference; lastKnownFileType = sourcecode.swift; path = LoginViewController.swift; sourceTree = "<group>"; };
		9949735625ED6FD500DE4ACD /* HomeViewController.swift */ = {isa = PBXFileReference; lastKnownFileType = sourcecode.swift; path = HomeViewController.swift; sourceTree = "<group>"; };
		9949735D25ED7C1F00DE4ACD /* CameraViewController.swift */ = {isa = PBXFileReference; lastKnownFileType = sourcecode.swift; path = CameraViewController.swift; sourceTree = "<group>"; };
		9C8CB3B603DB410E2D8C9178 /* Pods-Parstagram.debug.xcconfig */ = {isa = PBXFileReference; includeInIndex = 1; lastKnownFileType = text.xcconfig; name = "Pods-Parstagram.debug.xcconfig"; path = "Target Support Files/Pods-Parstagram/Pods-Parstagram.debug.xcconfig"; sourceTree = "<group>"; };
/* End PBXFileReference section */

/* Begin PBXFrameworksBuildPhase section */
		99435A6625E98A2C00085E1B /* Frameworks */ = {
			isa = PBXFrameworksBuildPhase;
			buildActionMask = 2147483647;
			files = (
				D13F4B9344FC5D96B90B4EC4 /* Pods_Parstagram.framework in Frameworks */,
			);
			runOnlyForDeploymentPostprocessing = 0;
		};
/* End PBXFrameworksBuildPhase section */

/* Begin PBXGroup section */
		59A7267AA4CFD8062D074B04 /* Pods */ = {
			isa = PBXGroup;
			children = (
				9C8CB3B603DB410E2D8C9178 /* Pods-Parstagram.debug.xcconfig */,
				1842564109D296C03CEA8572 /* Pods-Parstagram.release.xcconfig */,
			);
			path = Pods;
			sourceTree = "<group>";
		};
		99435A6025E98A2B00085E1B = {
			isa = PBXGroup;
			children = (
				99435A8725E9906900085E1B /* instagram_assets */,
				99435A6B25E98A2C00085E1B /* Parstagram */,
				99435A6A25E98A2C00085E1B /* Products */,
				59A7267AA4CFD8062D074B04 /* Pods */,
				A77D698A13B9326A88FABC28 /* Frameworks */,
			);
			sourceTree = "<group>";
		};
		99435A6A25E98A2C00085E1B /* Products */ = {
			isa = PBXGroup;
			children = (
				99435A6925E98A2C00085E1B /* Parstagram.app */,
			);
			name = Products;
			sourceTree = "<group>";
		};
		99435A6B25E98A2C00085E1B /* Parstagram */ = {
			isa = PBXGroup;
			children = (
				9949735125ED6F9000DE4ACD /* Controllers */,
				99435A6C25E98A2C00085E1B /* AppDelegate.swift */,
				99435A6E25E98A2C00085E1B /* SceneDelegate.swift */,
				99435A7225E98A2C00085E1B /* Main.storyboard */,
				99435A7525E98A2F00085E1B /* Assets.xcassets */,
				99435A7725E98A2F00085E1B /* LaunchScreen.storyboard */,
				99435A7A25E98A2F00085E1B /* Info.plist */,
			);
			path = Parstagram;
			sourceTree = "<group>";
		};
		9949735125ED6F9000DE4ACD /* Controllers */ = {
			isa = PBXGroup;
			children = (
				9949735325ED6FC500DE4ACD /* LoginViewController.swift */,
				9949735625ED6FD500DE4ACD /* HomeViewController.swift */,
				9949735D25ED7C1F00DE4ACD /* CameraViewController.swift */,
			);
			path = Controllers;
			sourceTree = "<group>";
		};
		A77D698A13B9326A88FABC28 /* Frameworks */ = {
			isa = PBXGroup;
			children = (
				3963D569B77EDC204C4A4174 /* Pods_Parstagram.framework */,
			);
			name = Frameworks;
			sourceTree = "<group>";
		};
/* End PBXGroup section */

/* Begin PBXNativeTarget section */
		99435A6825E98A2C00085E1B /* Parstagram */ = {
			isa = PBXNativeTarget;
			buildConfigurationList = 99435A7D25E98A2F00085E1B /* Build configuration list for PBXNativeTarget "Parstagram" */;
			buildPhases = (
				D7AB034B816E5BD5F1BDF997 /* [CP] Check Pods Manifest.lock */,
				99435A6525E98A2C00085E1B /* Sources */,
				99435A6625E98A2C00085E1B /* Frameworks */,
				99435A6725E98A2C00085E1B /* Resources */,
				0CC073F2474725BEA60D60C7 /* [CP] Embed Pods Frameworks */,
			);
			buildRules = (
			);
			dependencies = (
			);
			name = Parstagram;
			productName = Parstagram;
			productReference = 99435A6925E98A2C00085E1B /* Parstagram.app */;
			productType = "com.apple.product-type.application";
		};
/* End PBXNativeTarget section */

/* Begin PBXProject section */
		99435A6125E98A2B00085E1B /* Project object */ = {
			isa = PBXProject;
			attributes = {
				LastSwiftUpdateCheck = 1220;
				LastUpgradeCheck = 1220;
				TargetAttributes = {
					99435A6825E98A2C00085E1B = {
						CreatedOnToolsVersion = 12.2;
					};
				};
			};
			buildConfigurationList = 99435A6425E98A2B00085E1B /* Build configuration list for PBXProject "Parstagram" */;
			compatibilityVersion = "Xcode 9.3";
			developmentRegion = en;
			hasScannedForEncodings = 0;
			knownRegions = (
				en,
				Base,
			);
			mainGroup = 99435A6025E98A2B00085E1B;
			productRefGroup = 99435A6A25E98A2C00085E1B /* Products */;
			projectDirPath = "";
			projectRoot = "";
			targets = (
				99435A6825E98A2C00085E1B /* Parstagram */,
			);
		};
/* End PBXProject section */

/* Begin PBXResourcesBuildPhase section */
		99435A6725E98A2C00085E1B /* Resources */ = {
			isa = PBXResourcesBuildPhase;
			buildActionMask = 2147483647;
			files = (
				99435A8825E9906A00085E1B /* instagram_assets in Resources */,
				99435A7925E98A2F00085E1B /* LaunchScreen.storyboard in Resources */,
				99435A7625E98A2F00085E1B /* Assets.xcassets in Resources */,
				99435A7425E98A2C00085E1B /* Main.storyboard in Resources */,
			);
			runOnlyForDeploymentPostprocessing = 0;
		};
/* End PBXResourcesBuildPhase section */

/* Begin PBXShellScriptBuildPhase section */
		0CC073F2474725BEA60D60C7 /* [CP] Embed Pods Frameworks */ = {
			isa = PBXShellScriptBuildPhase;
			buildActionMask = 2147483647;
			files = (
			);
			inputFileListPaths = (
				"${PODS_ROOT}/Target Support Files/Pods-Parstagram/Pods-Parstagram-frameworks-${CONFIGURATION}-input-files.xcfilelist",
			);
			name = "[CP] Embed Pods Frameworks";
			outputFileListPaths = (
				"${PODS_ROOT}/Target Support Files/Pods-Parstagram/Pods-Parstagram-frameworks-${CONFIGURATION}-output-files.xcfilelist",
			);
			runOnlyForDeploymentPostprocessing = 0;
			shellPath = /bin/sh;
			shellScript = "\"${PODS_ROOT}/Target Support Files/Pods-Parstagram/Pods-Parstagram-frameworks.sh\"\n";
			showEnvVarsInLog = 0;
		};
		D7AB034B816E5BD5F1BDF997 /* [CP] Check Pods Manifest.lock */ = {
			isa = PBXShellScriptBuildPhase;
			buildActionMask = 2147483647;
			files = (
			);
			inputFileListPaths = (
			);
			inputPaths = (
				"${PODS_PODFILE_DIR_PATH}/Podfile.lock",
				"${PODS_ROOT}/Manifest.lock",
			);
			name = "[CP] Check Pods Manifest.lock";
			outputFileListPaths = (
			);
			outputPaths = (
				"$(DERIVED_FILE_DIR)/Pods-Parstagram-checkManifestLockResult.txt",
			);
			runOnlyForDeploymentPostprocessing = 0;
			shellPath = /bin/sh;
			shellScript = "diff \"${PODS_PODFILE_DIR_PATH}/Podfile.lock\" \"${PODS_ROOT}/Manifest.lock\" > /dev/null\nif [ $? != 0 ] ; then\n    # print error to STDERR\n    echo \"error: The sandbox is not in sync with the Podfile.lock. Run 'pod install' or update your CocoaPods installation.\" >&2\n    exit 1\nfi\n# This output is used by Xcode 'outputs' to avoid re-running this script phase.\necho \"SUCCESS\" > \"${SCRIPT_OUTPUT_FILE_0}\"\n";
			showEnvVarsInLog = 0;
		};
/* End PBXShellScriptBuildPhase section */

/* Begin PBXSourcesBuildPhase section */
		99435A6525E98A2C00085E1B /* Sources */ = {
			isa = PBXSourcesBuildPhase;
			buildActionMask = 2147483647;
			files = (
				9949735425ED6FC500DE4ACD /* LoginViewController.swift in Sources */,
				9949735E25ED7C1F00DE4ACD /* CameraViewController.swift in Sources */,
				99435A6D25E98A2C00085E1B /* AppDelegate.swift in Sources */,
				99435A6F25E98A2C00085E1B /* SceneDelegate.swift in Sources */,
				9949735725ED6FD500DE4ACD /* HomeViewController.swift in Sources */,
			);
			runOnlyForDeploymentPostprocessing = 0;
		};
/* End PBXSourcesBuildPhase section */

/* Begin PBXVariantGroup section */
		99435A7225E98A2C00085E1B /* Main.storyboard */ = {
			isa = PBXVariantGroup;
			children = (
				99435A7325E98A2C00085E1B /* Base */,
			);
			name = Main.storyboard;
			sourceTree = "<group>";
		};
		99435A7725E98A2F00085E1B /* LaunchScreen.storyboard */ = {
			isa = PBXVariantGroup;
			children = (
				99435A7825E98A2F00085E1B /* Base */,
			);
			name = LaunchScreen.storyboard;
			sourceTree = "<group>";
		};
/* End PBXVariantGroup section */

/* Begin XCBuildConfiguration section */
		99435A7B25E98A2F00085E1B /* Debug */ = {
			isa = XCBuildConfiguration;
			buildSettings = {
				ALWAYS_SEARCH_USER_PATHS = NO;
				CLANG_ANALYZER_NONNULL = YES;
				CLANG_ANALYZER_NUMBER_OBJECT_CONVERSION = YES_AGGRESSIVE;
				CLANG_CXX_LANGUAGE_STANDARD = "gnu++14";
				CLANG_CXX_LIBRARY = "libc++";
				CLANG_ENABLE_MODULES = YES;
				CLANG_ENABLE_OBJC_ARC = YES;
				CLANG_ENABLE_OBJC_WEAK = YES;
				CLANG_WARN_BLOCK_CAPTURE_AUTORELEASING = YES;
				CLANG_WARN_BOOL_CONVERSION = YES;
				CLANG_WARN_COMMA = YES;
				CLANG_WARN_CONSTANT_CONVERSION = YES;
				CLANG_WARN_DEPRECATED_OBJC_IMPLEMENTATIONS = YES;
				CLANG_WARN_DIRECT_OBJC_ISA_USAGE = YES_ERROR;
				CLANG_WARN_DOCUMENTATION_COMMENTS = YES;
				CLANG_WARN_EMPTY_BODY = YES;
				CLANG_WARN_ENUM_CONVERSION = YES;
				CLANG_WARN_INFINITE_RECURSION = YES;
				CLANG_WARN_INT_CONVERSION = YES;
				CLANG_WARN_NON_LITERAL_NULL_CONVERSION = YES;
				CLANG_WARN_OBJC_IMPLICIT_RETAIN_SELF = YES;
				CLANG_WARN_OBJC_LITERAL_CONVERSION = YES;
				CLANG_WARN_OBJC_ROOT_CLASS = YES_ERROR;
				CLANG_WARN_QUOTED_INCLUDE_IN_FRAMEWORK_HEADER = YES;
				CLANG_WARN_RANGE_LOOP_ANALYSIS = YES;
				CLANG_WARN_STRICT_PROTOTYPES = YES;
				CLANG_WARN_SUSPICIOUS_MOVE = YES;
				CLANG_WARN_UNGUARDED_AVAILABILITY = YES_AGGRESSIVE;
				CLANG_WARN_UNREACHABLE_CODE = YES;
				CLANG_WARN__DUPLICATE_METHOD_MATCH = YES;
				COPY_PHASE_STRIP = NO;
				DEBUG_INFORMATION_FORMAT = dwarf;
				ENABLE_STRICT_OBJC_MSGSEND = YES;
				ENABLE_TESTABILITY = YES;
				GCC_C_LANGUAGE_STANDARD = gnu11;
				GCC_DYNAMIC_NO_PIC = NO;
				GCC_NO_COMMON_BLOCKS = YES;
				GCC_OPTIMIZATION_LEVEL = 0;
				GCC_PREPROCESSOR_DEFINITIONS = (
					"DEBUG=1",
					"$(inherited)",
				);
				GCC_WARN_64_TO_32_BIT_CONVERSION = YES;
				GCC_WARN_ABOUT_RETURN_TYPE = YES_ERROR;
				GCC_WARN_UNDECLARED_SELECTOR = YES;
				GCC_WARN_UNINITIALIZED_AUTOS = YES_AGGRESSIVE;
				GCC_WARN_UNUSED_FUNCTION = YES;
				GCC_WARN_UNUSED_VARIABLE = YES;
				IPHONEOS_DEPLOYMENT_TARGET = 14.2;
				MTL_ENABLE_DEBUG_INFO = INCLUDE_SOURCE;
				MTL_FAST_MATH = YES;
				ONLY_ACTIVE_ARCH = YES;
				SDKROOT = iphoneos;
				SWIFT_ACTIVE_COMPILATION_CONDITIONS = DEBUG;
				SWIFT_OPTIMIZATION_LEVEL = "-Onone";
			};
			name = Debug;
		};
		99435A7C25E98A2F00085E1B /* Release */ = {
			isa = XCBuildConfiguration;
			buildSettings = {
				ALWAYS_SEARCH_USER_PATHS = NO;
				CLANG_ANALYZER_NONNULL = YES;
				CLANG_ANALYZER_NUMBER_OBJECT_CONVERSION = YES_AGGRESSIVE;
				CLANG_CXX_LANGUAGE_STANDARD = "gnu++14";
				CLANG_CXX_LIBRARY = "libc++";
				CLANG_ENABLE_MODULES = YES;
				CLANG_ENABLE_OBJC_ARC = YES;
				CLANG_ENABLE_OBJC_WEAK = YES;
				CLANG_WARN_BLOCK_CAPTURE_AUTORELEASING = YES;
				CLANG_WARN_BOOL_CONVERSION = YES;
				CLANG_WARN_COMMA = YES;
				CLANG_WARN_CONSTANT_CONVERSION = YES;
				CLANG_WARN_DEPRECATED_OBJC_IMPLEMENTATIONS = YES;
				CLANG_WARN_DIRECT_OBJC_ISA_USAGE = YES_ERROR;
				CLANG_WARN_DOCUMENTATION_COMMENTS = YES;
				CLANG_WARN_EMPTY_BODY = YES;
				CLANG_WARN_ENUM_CONVERSION = YES;
				CLANG_WARN_INFINITE_RECURSION = YES;
				CLANG_WARN_INT_CONVERSION = YES;
				CLANG_WARN_NON_LITERAL_NULL_CONVERSION = YES;
				CLANG_WARN_OBJC_IMPLICIT_RETAIN_SELF = YES;
				CLANG_WARN_OBJC_LITERAL_CONVERSION = YES;
				CLANG_WARN_OBJC_ROOT_CLASS = YES_ERROR;
				CLANG_WARN_QUOTED_INCLUDE_IN_FRAMEWORK_HEADER = YES;
				CLANG_WARN_RANGE_LOOP_ANALYSIS = YES;
				CLANG_WARN_STRICT_PROTOTYPES = YES;
				CLANG_WARN_SUSPICIOUS_MOVE = YES;
				CLANG_WARN_UNGUARDED_AVAILABILITY = YES_AGGRESSIVE;
				CLANG_WARN_UNREACHABLE_CODE = YES;
				CLANG_WARN__DUPLICATE_METHOD_MATCH = YES;
				COPY_PHASE_STRIP = NO;
				DEBUG_INFORMATION_FORMAT = "dwarf-with-dsym";
				ENABLE_NS_ASSERTIONS = NO;
				ENABLE_STRICT_OBJC_MSGSEND = YES;
				GCC_C_LANGUAGE_STANDARD = gnu11;
				GCC_NO_COMMON_BLOCKS = YES;
				GCC_WARN_64_TO_32_BIT_CONVERSION = YES;
				GCC_WARN_ABOUT_RETURN_TYPE = YES_ERROR;
				GCC_WARN_UNDECLARED_SELECTOR = YES;
				GCC_WARN_UNINITIALIZED_AUTOS = YES_AGGRESSIVE;
				GCC_WARN_UNUSED_FUNCTION = YES;
				GCC_WARN_UNUSED_VARIABLE = YES;
				IPHONEOS_DEPLOYMENT_TARGET = 14.2;
				MTL_ENABLE_DEBUG_INFO = NO;
				MTL_FAST_MATH = YES;
				SDKROOT = iphoneos;
				SWIFT_COMPILATION_MODE = wholemodule;
				SWIFT_OPTIMIZATION_LEVEL = "-O";
				VALIDATE_PRODUCT = YES;
			};
			name = Release;
		};
		99435A7E25E98A2F00085E1B /* Debug */ = {
			isa = XCBuildConfiguration;
			baseConfigurationReference = 9C8CB3B603DB410E2D8C9178 /* Pods-Parstagram.debug.xcconfig */;
			buildSettings = {
				ASSETCATALOG_COMPILER_APPICON_NAME = AppIcon;
				ASSETCATALOG_COMPILER_GLOBAL_ACCENT_COLOR_NAME = AccentColor;
				CODE_SIGN_STYLE = Automatic;
				DEVELOPMENT_TEAM = XHF28X4N49;
				INFOPLIST_FILE = Parstagram/Info.plist;
				LD_RUNPATH_SEARCH_PATHS = (
					"$(inherited)",
					"@executable_path/Frameworks",
				);
				PRODUCT_BUNDLE_IDENTIFIER = "Codepath.Parstagram-mnodado";
				PRODUCT_NAME = "$(TARGET_NAME)";
				SWIFT_VERSION = 5.0;
				TARGETED_DEVICE_FAMILY = "1,2";
			};
			name = Debug;
		};
		99435A7F25E98A2F00085E1B /* Release */ = {
			isa = XCBuildConfiguration;
			baseConfigurationReference = 1842564109D296C03CEA8572 /* Pods-Parstagram.release.xcconfig */;
			buildSettings = {
				ASSETCATALOG_COMPILER_APPICON_NAME = AppIcon;
				ASSETCATALOG_COMPILER_GLOBAL_ACCENT_COLOR_NAME = AccentColor;
				CODE_SIGN_STYLE = Automatic;
				DEVELOPMENT_TEAM = XHF28X4N49;
				INFOPLIST_FILE = Parstagram/Info.plist;
				LD_RUNPATH_SEARCH_PATHS = (
					"$(inherited)",
					"@executable_path/Frameworks",
				);
				PRODUCT_BUNDLE_IDENTIFIER = "Codepath.Parstagram-mnodado";
				PRODUCT_NAME = "$(TARGET_NAME)";
				SWIFT_VERSION = 5.0;
				TARGETED_DEVICE_FAMILY = "1,2";
			};
			name = Release;
		};
/* End XCBuildConfiguration section */

/* Begin XCConfigurationList section */
		99435A6425E98A2B00085E1B /* Build configuration list for PBXProject "Parstagram" */ = {
			isa = XCConfigurationList;
			buildConfigurations = (
				99435A7B25E98A2F00085E1B /* Debug */,
				99435A7C25E98A2F00085E1B /* Release */,
			);
			defaultConfigurationIsVisible = 0;
			defaultConfigurationName = Release;
		};
		99435A7D25E98A2F00085E1B /* Build configuration list for PBXNativeTarget "Parstagram" */ = {
			isa = XCConfigurationList;
			buildConfigurations = (
				99435A7E25E98A2F00085E1B /* Debug */,
				99435A7F25E98A2F00085E1B /* Release */,
			);
			defaultConfigurationIsVisible = 0;
			defaultConfigurationName = Release;
		};
/* End XCConfigurationList section */
	};
	rootObject = 99435A6125E98A2B00085E1B /* Project object */;
}
